
Microsoft Visual Studio Solution File, Format Version 12.00
# Visual Studio 15
VisualStudioVersion = 15.0.28307.168
MinimumVisualStudioVersion = 10.0.40219.1
Project("{151D2E53-A2C4-4D7D-83FE-D05416EBD58E}") = "ovpn-mixer", "ovpn-mixer\ovpn-mixer.deployproj", "{77ADFBDF-CBC2-4873-A971-872E199E0D19}"
EndProject
Global
	GlobalSection(SolutionConfigurationPlatforms) = preSolution
		Debug|Any CPU = Debug|Any CPU
		Release|Any CPU = Release|Any CPU
	EndGlobalSection
	GlobalSection(ProjectConfigurationPlatforms) = postSolution
		{77ADFBDF-CBC2-4873-A971-872E199E0D19}.Debug|Any CPU.ActiveCfg = Debug|Any CPU
		{77ADFBDF-CBC2-4873-A971-872E199E0D19}.Debug|Any CPU.Build.0 = Debug|Any CPU
		{77ADFBDF-CBC2-4873-A971-872E199E0D19}.Release|Any CPU.ActiveCfg = Release|Any CPU
		{77ADFBDF-CBC2-4873-A971-872E199E0D19}.Release|Any CPU.Build.0 = Release|Any CPU
	EndGlobalSection
	GlobalSection(SolutionProperties) = preSolution
		HideSolutionNode = FALSE
	EndGlobalSection
	GlobalSection(ExtensibilityGlobals) = postSolution
		SolutionGuid = {931EEF4F-FF67-4F80-ACE6-D8C7D943AAC9}
	EndGlobalSection
EndGlobal
